
Microsoft Visual Studio Solution File, Format Version 12.00
# Visual Studio Version 16
VisualStudioVersion = 16.0.29418.71
MinimumVisualStudioVersion = 10.0.40219.1
Project("{8BC9CEB8-8B4A-11D0-8D11-00A0C91BC942}") = "Task_5_4", "Task_5_4.vcxproj", "{CEBA5CE8-75E2-4C8B-B658-F6D22E148483}"
EndProject
Global
	GlobalSection(SolutionConfigurationPlatforms) = preSolution
		Debug|x64 = Debug|x64
		Debug|x86 = Debug|x86
		Release|x64 = Release|x64
		Release|x86 = Release|x86
	EndGlobalSection
	GlobalSection(ProjectConfigurationPlatforms) = postSolution
		{CEBA5CE8-75E2-4C8B-B658-F6D22E148483}.Debug|x64.ActiveCfg = Debug|x64
		{CEBA5CE8-75E2-4C8B-B658-F6D22E148483}.Debug|x64.Build.0 = Debug|x64
		{CEBA5CE8-75E2-4C8B-B658-F6D22E148483}.Debug|x86.ActiveCfg = Debug|Win32
		{CEBA5CE8-75E2-4C8B-B658-F6D22E148483}.Debug|x86.Build.0 = Debug|Win32
		{CEBA5CE8-75E2-4C8B-B658-F6D22E148483}.Release|x64.ActiveCfg = Release|x64
		{CEBA5CE8-75E2-4C8B-B658-F6D22E148483}.Release|x64.Build.0 = Release|x64
		{CEBA5CE8-75E2-4C8B-B658-F6D22E148483}.Release|x86.ActiveCfg = Release|Win32
		{CEBA5CE8-75E2-4C8B-B658-F6D22E148483}.Release|x86.Build.0 = Release|Win32
	EndGlobalSection
	GlobalSection(SolutionProperties) = preSolution
		HideSolutionNode = FALSE
	EndGlobalSection
	GlobalSection(ExtensibilityGlobals) = postSolution
		SolutionGuid = {8A9DEC71-E199-4389-9369-E18A20FEABE9}
	EndGlobalSection
EndGlobal
